
Microsoft Visual Studio Solution File, Format Version 12.00
# Visual Studio Version 17
VisualStudioVersion = 17.8.34511.84
MinimumVisualStudioVersion = 10.0.40219.1
Project("{FAE04EC0-301F-11D3-BF4B-00C04F79EFBC}") = "CheckBoxDemo", "WindowClassdemo\CheckBoxDemo.csproj", "{17C5FDB1-59DE-4395-A646-B7C2DBA65E05}"
EndProject
Global
	GlobalSection(SolutionConfigurationPlatforms) = preSolution
		Debug|Any CPU = Debug|Any CPU
		Release|Any CPU = Release|Any CPU
	EndGlobalSection
	GlobalSection(ProjectConfigurationPlatforms) = postSolution
		{17C5FDB1-59DE-4395-A646-B7C2DBA65E05}.Debug|Any CPU.ActiveCfg = Debug|Any CPU
		{17C5FDB1-59DE-4395-A646-B7C2DBA65E05}.Debug|Any CPU.Build.0 = Debug|Any CPU
		{17C5FDB1-59DE-4395-A646-B7C2DBA65E05}.Release|Any CPU.ActiveCfg = Release|Any CPU
		{17C5FDB1-59DE-4395-A646-B7C2DBA65E05}.Release|Any CPU.Build.0 = Release|Any CPU
	EndGlobalSection
	GlobalSection(SolutionProperties) = preSolution
		HideSolutionNode = FALSE
	EndGlobalSection
	GlobalSection(ExtensibilityGlobals) = postSolution
		SolutionGuid = {C5621C14-FFF4-4173-B2C0-E117F2F05F09}
	EndGlobalSection
EndGlobal
